// !$*UTF8*$!
{
	archiveVersion = 1;
	classes = {
	};
	objectVersion = 46;
	objects = {

/* Begin PBXBuildFile section */
		3E02FD6A1ED0DDC900BC3A41 /* AppDelegate.swift in Sources */ = {isa = PBXBuildFile; fileRef = 3E02FD691ED0DDC900BC3A41 /* AppDelegate.swift */; };
		3E02FD6C1ED0DDC900BC3A41 /* ViewController.swift in Sources */ = {isa = PBXBuildFile; fileRef = 3E02FD6B1ED0DDC900BC3A41 /* ViewController.swift */; };
		3E02FD6F1ED0DDC900BC3A41 /* Main.storyboard in Resources */ = {isa = PBXBuildFile; fileRef = 3E02FD6D1ED0DDC900BC3A41 /* Main.storyboard */; };
		3E02FD711ED0DDC900BC3A41 /* Assets.xcassets in Resources */ = {isa = PBXBuildFile; fileRef = 3E02FD701ED0DDC900BC3A41 /* Assets.xcassets */; };
		3E02FD741ED0DDC900BC3A41 /* LaunchScreen.storyboard in Resources */ = {isa = PBXBuildFile; fileRef = 3E02FD721ED0DDC900BC3A41 /* LaunchScreen.storyboard */; };
		3E02FD7F1ED0DDC900BC3A41 /* BlubbrTests.swift in Sources */ = {isa = PBXBuildFile; fileRef = 3E02FD7E1ED0DDC900BC3A41 /* BlubbrTests.swift */; };
		3E02FD8A1ED0DDC900BC3A41 /* BlubbrUITests.swift in Sources */ = {isa = PBXBuildFile; fileRef = 3E02FD891ED0DDC900BC3A41 /* BlubbrUITests.swift */; };
/* End PBXBuildFile section */

/* Begin PBXContainerItemProxy section */
		3E02FD7B1ED0DDC900BC3A41 /* PBXContainerItemProxy */ = {
			isa = PBXContainerItemProxy;
			containerPortal = 3E02FD5E1ED0DDC800BC3A41 /* Project object */;
			proxyType = 1;
			remoteGlobalIDString = 3E02FD651ED0DDC900BC3A41;
			remoteInfo = Blubbr;
		};
		3E02FD861ED0DDC900BC3A41 /* PBXContainerItemProxy */ = {
			isa = PBXContainerItemProxy;
			containerPortal = 3E02FD5E1ED0DDC800BC3A41 /* Project object */;
			proxyType = 1;
			remoteGlobalIDString = 3E02FD651ED0DDC900BC3A41;
			remoteInfo = Blubbr;
		};
/* End PBXContainerItemProxy section */

/* Begin PBXFileReference section */
		3E02FD661ED0DDC900BC3A41 /* Blubbr.app */ = {isa = PBXFileReference; explicitFileType = wrapper.application; includeInIndex = 0; path = Blubbr.app; sourceTree = BUILT_PRODUCTS_DIR; };
		3E02FD691ED0DDC900BC3A41 /* AppDelegate.swift */ = {isa = PBXFileReference; lastKnownFileType = sourcecode.swift; path = AppDelegate.swift; sourceTree = "<group>"; };
		3E02FD6B1ED0DDC900BC3A41 /* ViewController.swift */ = {isa = PBXFileReference; lastKnownFileType = sourcecode.swift; path = ViewController.swift; sourceTree = "<group>"; };
		3E02FD6E1ED0DDC900BC3A41 /* Base */ = {isa = PBXFileReference; lastKnownFileType = file.storyboard; name = Base; path = Base.lproj/Main.storyboard; sourceTree = "<group>"; };
		3E02FD701ED0DDC900BC3A41 /* Assets.xcassets */ = {isa = PBXFileReference; lastKnownFileType = folder.assetcatalog; path = Assets.xcassets; sourceTree = "<group>"; };
		3E02FD731ED0DDC900BC3A41 /* Base */ = {isa = PBXFileReference; lastKnownFileType = file.storyboard; name = Base; path = Base.lproj/LaunchScreen.storyboard; sourceTree = "<group>"; };
		3E02FD751ED0DDC900BC3A41 /* Info.plist */ = {isa = PBXFileReference; lastKnownFileType = text.plist.xml; path = Info.plist; sourceTree = "<group>"; };
		3E02FD7A1ED0DDC900BC3A41 /* BlubbrTests.xctest */ = {isa = PBXFileReference; explicitFileType = wrapper.cfbundle; includeInIndex = 0; path = BlubbrTests.xctest; sourceTree = BUILT_PRODUCTS_DIR; };
		3E02FD7E1ED0DDC900BC3A41 /* BlubbrTests.swift */ = {isa = PBXFileReference; lastKnownFileType = sourcecode.swift; path = BlubbrTests.swift; sourceTree = "<group>"; };
		3E02FD801ED0DDC900BC3A41 /* Info.plist */ = {isa = PBXFileReference; lastKnownFileType = text.plist.xml; path = Info.plist; sourceTree = "<group>"; };
		3E02FD851ED0DDC900BC3A41 /* BlubbrUITests.xctest */ = {isa = PBXFileReference; explicitFileType = wrapper.cfbundle; includeInIndex = 0; path = BlubbrUITests.xctest; sourceTree = BUILT_PRODUCTS_DIR; };
		3E02FD891ED0DDC900BC3A41 /* BlubbrUITests.swift */ = {isa = PBXFileReference; lastKnownFileType = sourcecode.swift; path = BlubbrUITests.swift; sourceTree = "<group>"; };
		3E02FD8B1ED0DDC900BC3A41 /* Info.plist */ = {isa = PBXFileReference; lastKnownFileType = text.plist.xml; path = Info.plist; sourceTree = "<group>"; };
/* End PBXFileReference section */

/* Begin PBXFrameworksBuildPhase section */
		3E02FD631ED0DDC900BC3A41 /* Frameworks */ = {
			isa = PBXFrameworksBuildPhase;
			buildActionMask = 2147483647;
			files = (
			);
			runOnlyForDeploymentPostprocessing = 0;
		};
		3E02FD771ED0DDC900BC3A41 /* Frameworks */ = {
			isa = PBXFrameworksBuildPhase;
			buildActionMask = 2147483647;
			files = (
			);
			runOnlyForDeploymentPostprocessing = 0;
		};
		3E02FD821ED0DDC900BC3A41 /* Frameworks */ = {
			isa = PBXFrameworksBuildPhase;
			buildActionMask = 2147483647;
			files = (
			);
			runOnlyForDeploymentPostprocessing = 0;
		};
/* End PBXFrameworksBuildPhase section */

/* Begin PBXGroup section */
		3E02FD5D1ED0DDC800BC3A41 = {
			isa = PBXGroup;
			children = (
				3E02FD681ED0DDC900BC3A41 /* Blubbr */,
				3E02FD7D1ED0DDC900BC3A41 /* BlubbrTests */,
				3E02FD881ED0DDC900BC3A41 /* BlubbrUITests */,
				3E02FD671ED0DDC900BC3A41 /* Products */,
			);
			sourceTree = "<group>";
		};
		3E02FD671ED0DDC900BC3A41 /* Products */ = {
			isa = PBXGroup;
			children = (
				3E02FD661ED0DDC900BC3A41 /* Blubbr.app */,
				3E02FD7A1ED0DDC900BC3A41 /* BlubbrTests.xctest */,
				3E02FD851ED0DDC900BC3A41 /* BlubbrUITests.xctest */,
			);
			name = Products;
			sourceTree = "<group>";
		};
		3E02FD681ED0DDC900BC3A41 /* Blubbr */ = {
			isa = PBXGroup;
			children = (
				3E02FD691ED0DDC900BC3A41 /* AppDelegate.swift */,
				3E02FD6B1ED0DDC900BC3A41 /* ViewController.swift */,
				3E02FD6D1ED0DDC900BC3A41 /* Main.storyboard */,
				3E02FD701ED0DDC900BC3A41 /* Assets.xcassets */,
				3E02FD721ED0DDC900BC3A41 /* LaunchScreen.storyboard */,
				3E02FD751ED0DDC900BC3A41 /* Info.plist */,
			);
			path = Blubbr;
			sourceTree = "<group>";
		};
		3E02FD7D1ED0DDC900BC3A41 /* BlubbrTests */ = {
			isa = PBXGroup;
			children = (
				3E02FD7E1ED0DDC900BC3A41 /* BlubbrTests.swift */,
				3E02FD801ED0DDC900BC3A41 /* Info.plist */,
			);
			path = BlubbrTests;
			sourceTree = "<group>";
		};
		3E02FD881ED0DDC900BC3A41 /* BlubbrUITests */ = {
			isa = PBXGroup;
			children = (
				3E02FD891ED0DDC900BC3A41 /* BlubbrUITests.swift */,
				3E02FD8B1ED0DDC900BC3A41 /* Info.plist */,
			);
			path = BlubbrUITests;
			sourceTree = "<group>";
		};
/* End PBXGroup section */

/* Begin PBXNativeTarget section */
		3E02FD651ED0DDC900BC3A41 /* Blubbr */ = {
			isa = PBXNativeTarget;
			buildConfigurationList = 3E02FD8E1ED0DDC900BC3A41 /* Build configuration list for PBXNativeTarget "Blubbr" */;
			buildPhases = (
				3E02FD621ED0DDC900BC3A41 /* Sources */,
				3E02FD631ED0DDC900BC3A41 /* Frameworks */,
				3E02FD641ED0DDC900BC3A41 /* Resources */,
			);
			buildRules = (
			);
			dependencies = (
			);
			name = Blubbr;
			productName = Blubbr;
			productReference = 3E02FD661ED0DDC900BC3A41 /* Blubbr.app */;
			productType = "com.apple.product-type.application";
		};
		3E02FD791ED0DDC900BC3A41 /* BlubbrTests */ = {
			isa = PBXNativeTarget;
			buildConfigurationList = 3E02FD911ED0DDC900BC3A41 /* Build configuration list for PBXNativeTarget "BlubbrTests" */;
			buildPhases = (
				3E02FD761ED0DDC900BC3A41 /* Sources */,
				3E02FD771ED0DDC900BC3A41 /* Frameworks */,
				3E02FD781ED0DDC900BC3A41 /* Resources */,
			);
			buildRules = (
			);
			dependencies = (
				3E02FD7C1ED0DDC900BC3A41 /* PBXTargetDependency */,
			);
			name = BlubbrTests;
			productName = BlubbrTests;
			productReference = 3E02FD7A1ED0DDC900BC3A41 /* BlubbrTests.xctest */;
			productType = "com.apple.product-type.bundle.unit-test";
		};
		3E02FD841ED0DDC900BC3A41 /* BlubbrUITests */ = {
			isa = PBXNativeTarget;
			buildConfigurationList = 3E02FD941ED0DDC900BC3A41 /* Build configuration list for PBXNativeTarget "BlubbrUITests" */;
			buildPhases = (
				3E02FD811ED0DDC900BC3A41 /* Sources */,
				3E02FD821ED0DDC900BC3A41 /* Frameworks */,
				3E02FD831ED0DDC900BC3A41 /* Resources */,
			);
			buildRules = (
			);
			dependencies = (
				3E02FD871ED0DDC900BC3A41 /* PBXTargetDependency */,
			);
			name = BlubbrUITests;
			productName = BlubbrUITests;
			productReference = 3E02FD851ED0DDC900BC3A41 /* BlubbrUITests.xctest */;
			productType = "com.apple.product-type.bundle.ui-testing";
		};
/* End PBXNativeTarget section */

/* Begin PBXProject section */
		3E02FD5E1ED0DDC800BC3A41 /* Project object */ = {
			isa = PBXProject;
			attributes = {
				LastSwiftUpdateCheck = 0830;
				LastUpgradeCheck = 0830;
				ORGANIZATIONNAME = "Blubbr App";
				TargetAttributes = {
					3E02FD651ED0DDC900BC3A41 = {
						CreatedOnToolsVersion = 8.3.2;
						DevelopmentTeam = 54TP428475;
						ProvisioningStyle = Automatic;
					};
					3E02FD791ED0DDC900BC3A41 = {
						CreatedOnToolsVersion = 8.3.2;
						DevelopmentTeam = 54TP428475;
						ProvisioningStyle = Automatic;
						TestTargetID = 3E02FD651ED0DDC900BC3A41;
					};
					3E02FD841ED0DDC900BC3A41 = {
						CreatedOnToolsVersion = 8.3.2;
						DevelopmentTeam = 54TP428475;
						ProvisioningStyle = Automatic;
						TestTargetID = 3E02FD651ED0DDC900BC3A41;
					};
				};
			};
			buildConfigurationList = 3E02FD611ED0DDC800BC3A41 /* Build configuration list for PBXProject "Blubbr" */;
			compatibilityVersion = "Xcode 3.2";
			developmentRegion = English;
			hasScannedForEncodings = 0;
			knownRegions = (
				en,
				Base,
			);
			mainGroup = 3E02FD5D1ED0DDC800BC3A41;
			productRefGroup = 3E02FD671ED0DDC900BC3A41 /* Products */;
			projectDirPath = "";
			projectRoot = "";
			targets = (
				3E02FD651ED0DDC900BC3A41 /* Blubbr */,
				3E02FD791ED0DDC900BC3A41 /* BlubbrTests */,
				3E02FD841ED0DDC900BC3A41 /* BlubbrUITests */,
			);
		};
/* End PBXProject section */

/* Begin PBXResourcesBuildPhase section */
		3E02FD641ED0DDC900BC3A41 /* Resources */ = {
			isa = PBXResourcesBuildPhase;
			buildActionMask = 2147483647;
			files = (
				3E02FD741ED0DDC900BC3A41 /* LaunchScreen.storyboard in Resources */,
				3E02FD711ED0DDC900BC3A41 /* Assets.xcassets in Resources */,
				3E02FD6F1ED0DDC900BC3A41 /* Main.storyboard in Resources */,
			);
			runOnlyForDeploymentPostprocessing = 0;
		};
		3E02FD781ED0DDC900BC3A41 /* Resources */ = {
			isa = PBXResourcesBuildPhase;
			buildActionMask = 2147483647;
			files = (
			);
			runOnlyForDeploymentPostprocessing = 0;
		};
		3E02FD831ED0DDC900BC3A41 /* Resources */ = {
			isa = PBXResourcesBuildPhase;
			buildActionMask = 2147483647;
			files = (
			);
			runOnlyForDeploymentPostprocessing = 0;
		};
/* End PBXResourcesBuildPhase section */

/* Begin PBXSourcesBuildPhase section */
		3E02FD621ED0DDC900BC3A41 /* Sources */ = {
			isa = PBXSourcesBuildPhase;
			buildActionMask = 2147483647;
			files = (
				3E02FD6C1ED0DDC900BC3A41 /* ViewController.swift in Sources */,
				3E02FD6A1ED0DDC900BC3A41 /* AppDelegate.swift in Sources */,
			);
			runOnlyForDeploymentPostprocessing = 0;
		};
		3E02FD761ED0DDC900BC3A41 /* Sources */ = {
			isa = PBXSourcesBuildPhase;
			buildActionMask = 2147483647;
			files = (
				3E02FD7F1ED0DDC900BC3A41 /* BlubbrTests.swift in Sources */,
			);
			runOnlyForDeploymentPostprocessing = 0;
		};
		3E02FD811ED0DDC900BC3A41 /* Sources */ = {
			isa = PBXSourcesBuildPhase;
			buildActionMask = 2147483647;
			files = (
				3E02FD8A1ED0DDC900BC3A41 /* BlubbrUITests.swift in Sources */,
			);
			runOnlyForDeploymentPostprocessing = 0;
		};
/* End PBXSourcesBuildPhase section */

/* Begin PBXTargetDependency section */
		3E02FD7C1ED0DDC900BC3A41 /* PBXTargetDependency */ = {
			isa = PBXTargetDependency;
			target = 3E02FD651ED0DDC900BC3A41 /* Blubbr */;
			targetProxy = 3E02FD7B1ED0DDC900BC3A41 /* PBXContainerItemProxy */;
		};
		3E02FD871ED0DDC900BC3A41 /* PBXTargetDependency */ = {
			isa = PBXTargetDependency;
			target = 3E02FD651ED0DDC900BC3A41 /* Blubbr */;
			targetProxy = 3E02FD861ED0DDC900BC3A41 /* PBXContainerItemProxy */;
		};
/* End PBXTargetDependency section */

/* Begin PBXVariantGroup section */
		3E02FD6D1ED0DDC900BC3A41 /* Main.storyboard */ = {
			isa = PBXVariantGroup;
			children = (
				3E02FD6E1ED0DDC900BC3A41 /* Base */,
			);
			name = Main.storyboard;
			sourceTree = "<group>";
		};
		3E02FD721ED0DDC900BC3A41 /* LaunchScreen.storyboard */ = {
			isa = PBXVariantGroup;
			children = (
				3E02FD731ED0DDC900BC3A41 /* Base */,
			);
			name = LaunchScreen.storyboard;
			sourceTree = "<group>";
		};
/* End PBXVariantGroup section */

/* Begin XCBuildConfiguration section */
		3E02FD8C1ED0DDC900BC3A41 /* Debug */ = {
			isa = XCBuildConfiguration;
			buildSettings = {
				ALWAYS_SEARCH_USER_PATHS = NO;
				CLANG_ANALYZER_NONNULL = YES;
				CLANG_ANALYZER_NUMBER_OBJECT_CONVERSION = YES_AGGRESSIVE;
				CLANG_CXX_LANGUAGE_STANDARD = "gnu++0x";
				CLANG_CXX_LIBRARY = "libc++";
				CLANG_ENABLE_MODULES = YES;
				CLANG_ENABLE_OBJC_ARC = YES;
				CLANG_WARN_BOOL_CONVERSION = YES;
				CLANG_WARN_CONSTANT_CONVERSION = YES;
				CLANG_WARN_DIRECT_OBJC_ISA_USAGE = YES_ERROR;
				CLANG_WARN_DOCUMENTATION_COMMENTS = YES;
				CLANG_WARN_EMPTY_BODY = YES;
				CLANG_WARN_ENUM_CONVERSION = YES;
				CLANG_WARN_INFINITE_RECURSION = YES;
				CLANG_WARN_INT_CONVERSION = YES;
				CLANG_WARN_OBJC_ROOT_CLASS = YES_ERROR;
				CLANG_WARN_SUSPICIOUS_MOVE = YES;
				CLANG_WARN_UNREACHABLE_CODE = YES;
				CLANG_WARN__DUPLICATE_METHOD_MATCH = YES;
				"CODE_SIGN_IDENTITY[sdk=iphoneos*]" = "iPhone Developer";
				COPY_PHASE_STRIP = NO;
				DEBUG_INFORMATION_FORMAT = dwarf;
				ENABLE_STRICT_OBJC_MSGSEND = YES;
				ENABLE_TESTABILITY = YES;
				GCC_C_LANGUAGE_STANDARD = gnu99;
				GCC_DYNAMIC_NO_PIC = NO;
				GCC_NO_COMMON_BLOCKS = YES;
				GCC_OPTIMIZATION_LEVEL = 0;
				GCC_PREPROCESSOR_DEFINITIONS = (
					"DEBUG=1",
					"$(inherited)",
				);
				GCC_WARN_64_TO_32_BIT_CONVERSION = YES;
				GCC_WARN_ABOUT_RETURN_TYPE = YES_ERROR;
				GCC_WARN_UNDECLARED_SELECTOR = YES;
				GCC_WARN_UNINITIALIZED_AUTOS = YES_AGGRESSIVE;
				GCC_WARN_UNUSED_FUNCTION = YES;
				GCC_WARN_UNUSED_VARIABLE = YES;
				IPHONEOS_DEPLOYMENT_TARGET = 10.3;
				MTL_ENABLE_DEBUG_INFO = YES;
				ONLY_ACTIVE_ARCH = YES;
				SDKROOT = iphoneos;
				SWIFT_ACTIVE_COMPILATION_CONDITIONS = DEBUG;
				SWIFT_OPTIMIZATION_LEVEL = "-Onone";
				TARGETED_DEVICE_FAMILY = "1,2";
			};
			name = Debug;
		};
		3E02FD8D1ED0DDC900BC3A41 /* Release */ = {
			isa = XCBuildConfiguration;
			buildSettings = {
				ALWAYS_SEARCH_USER_PATHS = NO;
				CLANG_ANALYZER_NONNULL = YES;
				CLANG_ANALYZER_NUMBER_OBJECT_CONVERSION = YES_AGGRESSIVE;
				CLANG_CXX_LANGUAGE_STANDARD = "gnu++0x";
				CLANG_CXX_LIBRARY = "libc++";
				CLANG_ENABLE_MODULES = YES;
				CLANG_ENABLE_OBJC_ARC = YES;
				CLANG_WARN_BOOL_CONVERSION = YES;
				CLANG_WARN_CONSTANT_CONVERSION = YES;
				CLANG_WARN_DIRECT_OBJC_ISA_USAGE = YES_ERROR;
				CLANG_WARN_DOCUMENTATION_COMMENTS = YES;
				CLANG_WARN_EMPTY_BODY = YES;
				CLANG_WARN_ENUM_CONVERSION = YES;
				CLANG_WARN_INFINITE_RECURSION = YES;
				CLANG_WARN_INT_CONVERSION = YES;
				CLANG_WARN_OBJC_ROOT_CLASS = YES_ERROR;
				CLANG_WARN_SUSPICIOUS_MOVE = YES;
				CLANG_WARN_UNREACHABLE_CODE = YES;
				CLANG_WARN__DUPLICATE_METHOD_MATCH = YES;
				"CODE_SIGN_IDENTITY[sdk=iphoneos*]" = "iPhone Developer";
				COPY_PHASE_STRIP = NO;
				DEBUG_INFORMATION_FORMAT = "dwarf-with-dsym";
				ENABLE_NS_ASSERTIONS = NO;
				ENABLE_STRICT_OBJC_MSGSEND = YES;
				GCC_C_LANGUAGE_STANDARD = gnu99;
				GCC_NO_COMMON_BLOCKS = YES;
				GCC_WARN_64_TO_32_BIT_CONVERSION = YES;
				GCC_WARN_ABOUT_RETURN_TYPE = YES_ERROR;
				GCC_WARN_UNDECLARED_SELECTOR = YES;
				GCC_WARN_UNINITIALIZED_AUTOS = YES_AGGRESSIVE;
				GCC_WARN_UNUSED_FUNCTION = YES;
				GCC_WARN_UNUSED_VARIABLE = YES;
				IPHONEOS_DEPLOYMENT_TARGET = 10.3;
				MTL_ENABLE_DEBUG_INFO = NO;
				SDKROOT = iphoneos;
				SWIFT_OPTIMIZATION_LEVEL = "-Owholemodule";
				TARGETED_DEVICE_FAMILY = "1,2";
				VALIDATE_PRODUCT = YES;
			};
			name = Release;
		};
		3E02FD8F1ED0DDC900BC3A41 /* Debug */ = {
			isa = XCBuildConfiguration;
			buildSettings = {
				ASSETCATALOG_COMPILER_APPICON_NAME = AppIcon;
				DEVELOPMENT_TEAM = 54TP428475;
				INFOPLIST_FILE = Blubbr/Info.plist;
				LD_RUNPATH_SEARCH_PATHS = "$(inherited) @executable_path/Frameworks";
				PRODUCT_BUNDLE_IDENTIFIER = com.blubbr.Blubbr;
				PRODUCT_NAME = "$(TARGET_NAME)";
				SWIFT_VERSION = 3.0;
			};
			name = Debug;
		};
		3E02FD901ED0DDC900BC3A41 /* Release */ = {
			isa = XCBuildConfiguration;
			buildSettings = {
				ASSETCATALOG_COMPILER_APPICON_NAME = AppIcon;
				DEVELOPMENT_TEAM = 54TP428475;
				INFOPLIST_FILE = Blubbr/Info.plist;
				LD_RUNPATH_SEARCH_PATHS = "$(inherited) @executable_path/Frameworks";
				PRODUCT_BUNDLE_IDENTIFIER = com.blubbr.Blubbr;
				PRODUCT_NAME = "$(TARGET_NAME)";
				SWIFT_VERSION = 3.0;
			};
			name = Release;
		};
		3E02FD921ED0DDC900BC3A41 /* Debug */ = {
			isa = XCBuildConfiguration;
			buildSettings = {
				ALWAYS_EMBED_SWIFT_STANDARD_LIBRARIES = YES;
				BUNDLE_LOADER = "$(TEST_HOST)";
				DEVELOPMENT_TEAM = 54TP428475;
				INFOPLIST_FILE = BlubbrTests/Info.plist;
				LD_RUNPATH_SEARCH_PATHS = "$(inherited) @executable_path/Frameworks @loader_path/Frameworks";
				PRODUCT_BUNDLE_IDENTIFIER = com.blubbr.BlubbrTests;
				PRODUCT_NAME = "$(TARGET_NAME)";
				SWIFT_VERSION = 3.0;
				TEST_HOST = "$(BUILT_PRODUCTS_DIR)/Blubbr.app/Blubbr";
			};
			name = Debug;
		};
		3E02FD931ED0DDC900BC3A41 /* Release */ = {
			isa = XCBuildConfiguration;
			buildSettings = {
				ALWAYS_EMBED_SWIFT_STANDARD_LIBRARIES = YES;
				BUNDLE_LOADER = "$(TEST_HOST)";
				DEVELOPMENT_TEAM = 54TP428475;
				INFOPLIST_FILE = BlubbrTests/Info.plist;
				LD_RUNPATH_SEARCH_PATHS = "$(inherited) @executable_path/Frameworks @loader_path/Frameworks";
				PRODUCT_BUNDLE_IDENTIFIER = com.blubbr.BlubbrTests;
				PRODUCT_NAME = "$(TARGET_NAME)";
				SWIFT_VERSION = 3.0;
				TEST_HOST = "$(BUILT_PRODUCTS_DIR)/Blubbr.app/Blubbr";
			};
			name = Release;
		};
		3E02FD951ED0DDC900BC3A41 /* Debug */ = {
			isa = XCBuildConfiguration;
			buildSettings = {
				ALWAYS_EMBED_SWIFT_STANDARD_LIBRARIES = YES;
				DEVELOPMENT_TEAM = 54TP428475;
				INFOPLIST_FILE = BlubbrUITests/Info.plist;
				LD_RUNPATH_SEARCH_PATHS = "$(inherited) @executable_path/Frameworks @loader_path/Frameworks";
				PRODUCT_BUNDLE_IDENTIFIER = com.blubbr.BlubbrUITests;
				PRODUCT_NAME = "$(TARGET_NAME)";
				SWIFT_VERSION = 3.0;
				TEST_TARGET_NAME = Blubbr;
			};
			name = Debug;
		};
		3E02FD961ED0DDC900BC3A41 /* Release */ = {
			isa = XCBuildConfiguration;
			buildSettings = {
				ALWAYS_EMBED_SWIFT_STANDARD_LIBRARIES = YES;
				DEVELOPMENT_TEAM = 54TP428475;
				INFOPLIST_FILE = BlubbrUITests/Info.plist;
				LD_RUNPATH_SEARCH_PATHS = "$(inherited) @executable_path/Frameworks @loader_path/Frameworks";
				PRODUCT_BUNDLE_IDENTIFIER = com.blubbr.BlubbrUITests;
				PRODUCT_NAME = "$(TARGET_NAME)";
				SWIFT_VERSION = 3.0;
				TEST_TARGET_NAME = Blubbr;
			};
			name = Release;
		};
/* End XCBuildConfiguration section */

/* Begin XCConfigurationList section */
		3E02FD611ED0DDC800BC3A41 /* Build configuration list for PBXProject "Blubbr" */ = {
			isa = XCConfigurationList;
			buildConfigurations = (
				3E02FD8C1ED0DDC900BC3A41 /* Debug */,
				3E02FD8D1ED0DDC900BC3A41 /* Release */,
			);
			defaultConfigurationIsVisible = 0;
			defaultConfigurationName = Release;
		};
		3E02FD8E1ED0DDC900BC3A41 /* Build configuration list for PBXNativeTarget "Blubbr" */ = {
			isa = XCConfigurationList;
			buildConfigurations = (
				3E02FD8F1ED0DDC900BC3A41 /* Debug */,
				3E02FD901ED0DDC900BC3A41 /* Release */,
			);
			defaultConfigurationIsVisible = 0;
		};
		3E02FD911ED0DDC900BC3A41 /* Build configuration list for PBXNativeTarget "BlubbrTests" */ = {
			isa = XCConfigurationList;
			buildConfigurations = (
				3E02FD921ED0DDC900BC3A41 /* Debug */,
				3E02FD931ED0DDC900BC3A41 /* Release */,
			);
			defaultConfigurationIsVisible = 0;
		};
		3E02FD941ED0DDC900BC3A41 /* Build configuration list for PBXNativeTarget "BlubbrUITests" */ = {
			isa = XCConfigurationList;
			buildConfigurations = (
				3E02FD951ED0DDC900BC3A41 /* Debug */,
				3E02FD961ED0DDC900BC3A41 /* Release */,
			);
			defaultConfigurationIsVisible = 0;
		};
/* End XCConfigurationList section */
	};
	rootObject = 3E02FD5E1ED0DDC800BC3A41 /* Project object */;
}
